
Microsoft Visual Studio Solution File, Format Version 10.00
# Visual Studio 2008
Project("{2150E333-8FDC-42A3-9474-1A3956D46DE8}") = "Tests", "Tests", "{39EA9036-A8A9-4DB7-9090-22C3B6BF1AB0}"
EndProject
Project("{8BC9CEB8-8B4A-11D0-8D11-00A0C91BC942}") = "Framework", "Projects\Framework\Framework.vcproj", "{F0C6559F-C439-4E82-91A9-67036E97E6B6}"
EndProject
Project("{2150E333-8FDC-42A3-9474-1A3956D46DE8}") = "SimSystems", "SimSystems", "{FA115DC6-CD42-41FF-9580-7E4B0EAA46FF}"
EndProject
Project("{8BC9CEB8-8B4A-11D0-8D11-00A0C91BC942}") = "GraphicsOSG", "Projects\SimSystems\GraphicsOSG\GraphicsOSG.vcproj", "{B3DBC7E0-CA8D-490D-9232-E46EA301CBAD}"
	ProjectSection(ProjectDependencies) = postProject
		{F0C6559F-C439-4E82-91A9-67036E97E6B6} = {F0C6559F-C439-4E82-91A9-67036E97E6B6}
		{6717D2A5-5CEF-4A6E-A3C1-D497E5EA4F02} = {6717D2A5-5CEF-4A6E-A3C1-D497E5EA4F02}
		{5FA399BF-B83F-4131-B3DA-3ECD41C4162C} = {5FA399BF-B83F-4131-B3DA-3ECD41C4162C}
	EndProjectSection
EndProject
Project("{8BC9CEB8-8B4A-11D0-8D11-00A0C91BC942}") = "PhysicsODE", "Projects\SimSystems\PhysicsODE\PhysicsODE.vcproj", "{7F2A2AE2-B824-4C70-B9A8-25C652AC5DBE}"
	ProjectSection(ProjectDependencies) = postProject
		{5FA399BF-B83F-4131-B3DA-3ECD41C4162C} = {5FA399BF-B83F-4131-B3DA-3ECD41C4162C}
	EndProjectSection
EndProject
Project("{8BC9CEB8-8B4A-11D0-8D11-00A0C91BC942}") = "SimInterfaces", "Projects\SimInterfaces\SimInterfaces.vcproj", "{6717D2A5-5CEF-4A6E-A3C1-D497E5EA4F02}"
EndProject
Project("{8BC9CEB8-8B4A-11D0-8D11-00A0C91BC942}") = "ShapeGen", "Projects\SimSystems\ShapeGen\ShapeGen.vcproj", "{8F0E2F48-5D6A-4C30-8722-ABF631F9F115}"
	ProjectSection(ProjectDependencies) = postProject
		{6717D2A5-5CEF-4A6E-A3C1-D497E5EA4F02} = {6717D2A5-5CEF-4A6E-A3C1-D497E5EA4F02}
		{5FA399BF-B83F-4131-B3DA-3ECD41C4162C} = {5FA399BF-B83F-4131-B3DA-3ECD41C4162C}
	EndProjectSection
EndProject
Project("{2150E333-8FDC-42A3-9474-1A3956D46DE8}") = "Apps", "Apps", "{4BFF88E6-2D35-4804-A677-BA736E039317}"
EndProject
Project("{8BC9CEB8-8B4A-11D0-8D11-00A0C91BC942}") = "Launcher", "Projects\Apps\Launcher\Launcher.vcproj", "{84BAB923-085D-4CAF-B340-EB6B3CC740CA}"
	ProjectSection(ProjectDependencies) = postProject
		{F0C6559F-C439-4E82-91A9-67036E97E6B6} = {F0C6559F-C439-4E82-91A9-67036E97E6B6}
	EndProjectSection
EndProject
Project("{8BC9CEB8-8B4A-11D0-8D11-00A0C91BC942}") = "InputOIS", "Projects\SimSystems\InputOIS\InputOIS.vcproj", "{FFB98843-5BE9-4D5D-8384-07DC8258367C}"
	ProjectSection(ProjectDependencies) = postProject
		{6717D2A5-5CEF-4A6E-A3C1-D497E5EA4F02} = {6717D2A5-5CEF-4A6E-A3C1-D497E5EA4F02}
		{5FA399BF-B83F-4131-B3DA-3ECD41C4162C} = {5FA399BF-B83F-4131-B3DA-3ECD41C4162C}
	EndProjectSection
EndProject
Project("{8BC9CEB8-8B4A-11D0-8D11-00A0C91BC942}") = "TestActivityScheduler", "Projects\Tests\TestActivityScheduler\TestActivityScheduler.vcproj", "{E0829E9F-795C-4688-8851-D60BAEDD19DC}"
	ProjectSection(ProjectDependencies) = postProject
		{F0C6559F-C439-4E82-91A9-67036E97E6B6} = {F0C6559F-C439-4E82-91A9-67036E97E6B6}
		{5FA399BF-B83F-4131-B3DA-3ECD41C4162C} = {5FA399BF-B83F-4131-B3DA-3ECD41C4162C}
	EndProjectSection
EndProject
Project("{8BC9CEB8-8B4A-11D0-8D11-00A0C91BC942}") = "TestMath", "Projects\Tests\TestMath\TestMath.vcproj", "{36570081-06B3-4B73-A538-0A9B7EC86DDE}"
EndProject
Project("{8BC9CEB8-8B4A-11D0-8D11-00A0C91BC942}") = "TestSatm1976", "Projects\Tests\TestSatm1976\TestSatm1976.vcproj", "{FC57272D-0471-425D-9220-04B2CCCE0491}"
	ProjectSection(ProjectDependencies) = postProject
		{5FA399BF-B83F-4131-B3DA-3ECD41C4162C} = {5FA399BF-B83F-4131-B3DA-3ECD41C4162C}
	EndProjectSection
EndProject
Project("{8BC9CEB8-8B4A-11D0-8D11-00A0C91BC942}") = "TestSFMBatch", "Projects\Tests\TestSFM\TestSFMBatch\TestSFM.vcproj", "{2BF74624-3D60-4B68-AE73-09EB587C9E0B}"
	ProjectSection(ProjectDependencies) = postProject
		{B39F9B23-86C9-46DB-95F5-646E2AB55D46} = {B39F9B23-86C9-46DB-95F5-646E2AB55D46}
		{5FA399BF-B83F-4131-B3DA-3ECD41C4162C} = {5FA399BF-B83F-4131-B3DA-3ECD41C4162C}
	EndProjectSection
EndProject
Project("{8BC9CEB8-8B4A-11D0-8D11-00A0C91BC942}") = "TestSimLib", "Projects\Tests\TestSimLib\TestSimLib.vcproj", "{6866C4AF-6117-4A11-A052-DC6BAC695853}"
EndProject
Project("{2150E333-8FDC-42A3-9474-1A3956D46DE8}") = "TestSFM", "TestSFM", "{FE696014-E827-4C4F-92A5-70577F0C4A52}"
EndProject
Project("{8BC9CEB8-8B4A-11D0-8D11-00A0C91BC942}") = "TestSFMLib", "Projects\Tests\TestSFM\TestSFMLib\TestSFMLib.vcproj", "{B39F9B23-86C9-46DB-95F5-646E2AB55D46}"
EndProject
Project("{2150E333-8FDC-42A3-9474-1A3956D46DE8}") = "Tools", "Tools", "{2429071F-DC64-4410-997E-592144F1ED9E}"
EndProject
Project("{8BC9CEB8-8B4A-11D0-8D11-00A0C91BC942}") = "MathModelSFM", "Projects\Tools\MathModelSFM\MathModelSFM.vcproj", "{EAB504D7-1556-4E4F-A81E-A26DFDD80465}"
	ProjectSection(ProjectDependencies) = postProject
		{B39F9B23-86C9-46DB-95F5-646E2AB55D46} = {B39F9B23-86C9-46DB-95F5-646E2AB55D46}
		{E1DFC148-FEBB-44B6-8504-6448C242F3ED} = {E1DFC148-FEBB-44B6-8504-6448C242F3ED}
		{5FA399BF-B83F-4131-B3DA-3ECD41C4162C} = {5FA399BF-B83F-4131-B3DA-3ECD41C4162C}
	EndProjectSection
EndProject
Project("{8BC9CEB8-8B4A-11D0-8D11-00A0C91BC942}") = "MathModelTuner", "Projects\Tools\MathModelTuner\MathModelTuner.vcproj", "{B74867B8-F9C3-420D-A230-E948CD6FBC24}"
	ProjectSection(ProjectDependencies) = postProject
		{B39F9B23-86C9-46DB-95F5-646E2AB55D46} = {B39F9B23-86C9-46DB-95F5-646E2AB55D46}
		{5FA399BF-B83F-4131-B3DA-3ECD41C4162C} = {5FA399BF-B83F-4131-B3DA-3ECD41C4162C}
	EndProjectSection
EndProject
Project("{8BC9CEB8-8B4A-11D0-8D11-00A0C91BC942}") = "SimLib", "Projects\SimLib\SimLib.vcproj", "{5FA399BF-B83F-4131-B3DA-3ECD41C4162C}"
EndProject
Project("{8BC9CEB8-8B4A-11D0-8D11-00A0C91BC942}") = "PhysicsPhysX", "Projects\SimSystems\PhysicsPhysX\PhysicsPhysX.vcproj", "{D7A7F359-1D24-4AFD-8D88-814CD557B22B}"
	ProjectSection(ProjectDependencies) = postProject
		{5FA399BF-B83F-4131-B3DA-3ECD41C4162C} = {5FA399BF-B83F-4131-B3DA-3ECD41C4162C}
	EndProjectSection
EndProject
Project("{8BC9CEB8-8B4A-11D0-8D11-00A0C91BC942}") = "DataModel", "Projects\Tools\DataModel\DataModel.vcproj", "{E1DFC148-FEBB-44B6-8504-6448C242F3ED}"
EndProject
Project("{2150E333-8FDC-42A3-9474-1A3956D46DE8}") = "API", "API", "{DDFEB541-836C-43BB-929D-A4BB475D49E8}"
	ProjectSection(SolutionItems) = preProject
		..\..\src\Tools\API\DataModelAPI.h = ..\..\src\Tools\API\DataModelAPI.h
	EndProjectSection
EndProject
Project("{8BC9CEB8-8B4A-11D0-8D11-00A0C91BC942}") = "Lua2Json", "Projects\Tools\Lua2Json\Lua2Json.vcproj", "{09C159BB-07F0-499C-B48E-2FD516B7547F}"
	ProjectSection(ProjectDependencies) = postProject
		{5FA399BF-B83F-4131-B3DA-3ECD41C4162C} = {5FA399BF-B83F-4131-B3DA-3ECD41C4162C}
	EndProjectSection
EndProject
Global
	GlobalSection(SolutionConfigurationPlatforms) = preSolution
		Debug|Win32 = Debug|Win32
		Debug|x64 = Debug|x64
		Release|Win32 = Release|Win32
		Release|x64 = Release|x64
	EndGlobalSection
	GlobalSection(ProjectConfigurationPlatforms) = postSolution
		{F0C6559F-C439-4E82-91A9-67036E97E6B6}.Debug|Win32.ActiveCfg = Debug|Win32
		{F0C6559F-C439-4E82-91A9-67036E97E6B6}.Debug|Win32.Build.0 = Debug|Win32
		{F0C6559F-C439-4E82-91A9-67036E97E6B6}.Debug|x64.ActiveCfg = Debug|Win32
		{F0C6559F-C439-4E82-91A9-67036E97E6B6}.Release|Win32.ActiveCfg = Release|Win32
		{F0C6559F-C439-4E82-91A9-67036E97E6B6}.Release|Win32.Build.0 = Release|Win32
		{F0C6559F-C439-4E82-91A9-67036E97E6B6}.Release|x64.ActiveCfg = Release|Win32
		{B3DBC7E0-CA8D-490D-9232-E46EA301CBAD}.Debug|Win32.ActiveCfg = Debug|Win32
		{B3DBC7E0-CA8D-490D-9232-E46EA301CBAD}.Debug|Win32.Build.0 = Debug|Win32
		{B3DBC7E0-CA8D-490D-9232-E46EA301CBAD}.Debug|x64.ActiveCfg = Debug|Win32
		{B3DBC7E0-CA8D-490D-9232-E46EA301CBAD}.Release|Win32.ActiveCfg = Release|Win32
		{B3DBC7E0-CA8D-490D-9232-E46EA301CBAD}.Release|Win32.Build.0 = Release|Win32
		{B3DBC7E0-CA8D-490D-9232-E46EA301CBAD}.Release|x64.ActiveCfg = Release|Win32
		{7F2A2AE2-B824-4C70-B9A8-25C652AC5DBE}.Debug|Win32.ActiveCfg = Debug|Win32
		{7F2A2AE2-B824-4C70-B9A8-25C652AC5DBE}.Debug|Win32.Build.0 = Debug|Win32
		{7F2A2AE2-B824-4C70-B9A8-25C652AC5DBE}.Debug|x64.ActiveCfg = Debug|Win32
		{7F2A2AE2-B824-4C70-B9A8-25C652AC5DBE}.Release|Win32.ActiveCfg = Release|Win32
		{7F2A2AE2-B824-4C70-B9A8-25C652AC5DBE}.Release|Win32.Build.0 = Release|Win32
		{7F2A2AE2-B824-4C70-B9A8-25C652AC5DBE}.Release|x64.ActiveCfg = Release|Win32
		{6717D2A5-5CEF-4A6E-A3C1-D497E5EA4F02}.Debug|Win32.ActiveCfg = Debug|Win32
		{6717D2A5-5CEF-4A6E-A3C1-D497E5EA4F02}.Debug|Win32.Build.0 = Debug|Win32
		{6717D2A5-5CEF-4A6E-A3C1-D497E5EA4F02}.Debug|x64.ActiveCfg = Debug|Win32
		{6717D2A5-5CEF-4A6E-A3C1-D497E5EA4F02}.Release|Win32.ActiveCfg = Release|Win32
		{6717D2A5-5CEF-4A6E-A3C1-D497E5EA4F02}.Release|Win32.Build.0 = Release|Win32
		{6717D2A5-5CEF-4A6E-A3C1-D497E5EA4F02}.Release|x64.ActiveCfg = Release|Win32
		{8F0E2F48-5D6A-4C30-8722-ABF631F9F115}.Debug|Win32.ActiveCfg = Debug|Win32
		{8F0E2F48-5D6A-4C30-8722-ABF631F9F115}.Debug|Win32.Build.0 = Debug|Win32
		{8F0E2F48-5D6A-4C30-8722-ABF631F9F115}.Debug|x64.ActiveCfg = Debug|Win32
		{8F0E2F48-5D6A-4C30-8722-ABF631F9F115}.Release|Win32.ActiveCfg = Release|Win32
		{8F0E2F48-5D6A-4C30-8722-ABF631F9F115}.Release|Win32.Build.0 = Release|Win32
		{8F0E2F48-5D6A-4C30-8722-ABF631F9F115}.Release|x64.ActiveCfg = Release|Win32
		{84BAB923-085D-4CAF-B340-EB6B3CC740CA}.Debug|Win32.ActiveCfg = Debug|Win32
		{84BAB923-085D-4CAF-B340-EB6B3CC740CA}.Debug|Win32.Build.0 = Debug|Win32
		{84BAB923-085D-4CAF-B340-EB6B3CC740CA}.Debug|x64.ActiveCfg = Debug|Win32
		{84BAB923-085D-4CAF-B340-EB6B3CC740CA}.Release|Win32.ActiveCfg = Release|Win32
		{84BAB923-085D-4CAF-B340-EB6B3CC740CA}.Release|Win32.Build.0 = Release|Win32
		{84BAB923-085D-4CAF-B340-EB6B3CC740CA}.Release|x64.ActiveCfg = Release|Win32
		{FFB98843-5BE9-4D5D-8384-07DC8258367C}.Debug|Win32.ActiveCfg = Debug|Win32
		{FFB98843-5BE9-4D5D-8384-07DC8258367C}.Debug|Win32.Build.0 = Debug|Win32
		{FFB98843-5BE9-4D5D-8384-07DC8258367C}.Debug|x64.ActiveCfg = Debug|Win32
		{FFB98843-5BE9-4D5D-8384-07DC8258367C}.Release|Win32.ActiveCfg = Release|Win32
		{FFB98843-5BE9-4D5D-8384-07DC8258367C}.Release|Win32.Build.0 = Release|Win32
		{FFB98843-5BE9-4D5D-8384-07DC8258367C}.Release|x64.ActiveCfg = Release|Win32
		{E0829E9F-795C-4688-8851-D60BAEDD19DC}.Debug|Win32.ActiveCfg = Debug|Win32
		{E0829E9F-795C-4688-8851-D60BAEDD19DC}.Debug|Win32.Build.0 = Debug|Win32
		{E0829E9F-795C-4688-8851-D60BAEDD19DC}.Debug|x64.ActiveCfg = Debug|Win32
		{E0829E9F-795C-4688-8851-D60BAEDD19DC}.Release|Win32.ActiveCfg = Release|Win32
		{E0829E9F-795C-4688-8851-D60BAEDD19DC}.Release|Win32.Build.0 = Release|Win32
		{E0829E9F-795C-4688-8851-D60BAEDD19DC}.Release|x64.ActiveCfg = Release|Win32
		{36570081-06B3-4B73-A538-0A9B7EC86DDE}.Debug|Win32.ActiveCfg = Debug|Win32
		{36570081-06B3-4B73-A538-0A9B7EC86DDE}.Debug|Win32.Build.0 = Debug|Win32
		{36570081-06B3-4B73-A538-0A9B7EC86DDE}.Debug|x64.ActiveCfg = Debug|Win32
		{36570081-06B3-4B73-A538-0A9B7EC86DDE}.Release|Win32.ActiveCfg = Release|Win32
		{36570081-06B3-4B73-A538-0A9B7EC86DDE}.Release|Win32.Build.0 = Release|Win32
		{36570081-06B3-4B73-A538-0A9B7EC86DDE}.Release|x64.ActiveCfg = Release|Win32
		{FC57272D-0471-425D-9220-04B2CCCE0491}.Debug|Win32.ActiveCfg = Debug|Win32
		{FC57272D-0471-425D-9220-04B2CCCE0491}.Debug|Win32.Build.0 = Debug|Win32
		{FC57272D-0471-425D-9220-04B2CCCE0491}.Debug|x64.ActiveCfg = Debug|Win32
		{FC57272D-0471-425D-9220-04B2CCCE0491}.Release|Win32.ActiveCfg = Release|Win32
		{FC57272D-0471-425D-9220-04B2CCCE0491}.Release|Win32.Build.0 = Release|Win32
		{FC57272D-0471-425D-9220-04B2CCCE0491}.Release|x64.ActiveCfg = Release|Win32
		{2BF74624-3D60-4B68-AE73-09EB587C9E0B}.Debug|Win32.ActiveCfg = Debug|Win32
		{2BF74624-3D60-4B68-AE73-09EB587C9E0B}.Debug|Win32.Build.0 = Debug|Win32
		{2BF74624-3D60-4B68-AE73-09EB587C9E0B}.Debug|x64.ActiveCfg = Debug|Win32
		{2BF74624-3D60-4B68-AE73-09EB587C9E0B}.Release|Win32.ActiveCfg = Release|Win32
		{2BF74624-3D60-4B68-AE73-09EB587C9E0B}.Release|Win32.Build.0 = Release|Win32
		{2BF74624-3D60-4B68-AE73-09EB587C9E0B}.Release|x64.ActiveCfg = Release|Win32
		{6866C4AF-6117-4A11-A052-DC6BAC695853}.Debug|Win32.ActiveCfg = Debug|Win32
		{6866C4AF-6117-4A11-A052-DC6BAC695853}.Debug|Win32.Build.0 = Debug|Win32
		{6866C4AF-6117-4A11-A052-DC6BAC695853}.Debug|x64.ActiveCfg = Debug|Win32
		{6866C4AF-6117-4A11-A052-DC6BAC695853}.Release|Win32.ActiveCfg = Release|Win32
		{6866C4AF-6117-4A11-A052-DC6BAC695853}.Release|Win32.Build.0 = Release|Win32
		{6866C4AF-6117-4A11-A052-DC6BAC695853}.Release|x64.ActiveCfg = Release|Win32
		{B39F9B23-86C9-46DB-95F5-646E2AB55D46}.Debug|Win32.ActiveCfg = Debug|Win32
		{B39F9B23-86C9-46DB-95F5-646E2AB55D46}.Debug|Win32.Build.0 = Debug|Win32
		{B39F9B23-86C9-46DB-95F5-646E2AB55D46}.Debug|x64.ActiveCfg = Debug|Win32
		{B39F9B23-86C9-46DB-95F5-646E2AB55D46}.Release|Win32.ActiveCfg = Release|Win32
		{B39F9B23-86C9-46DB-95F5-646E2AB55D46}.Release|Win32.Build.0 = Release|Win32
		{B39F9B23-86C9-46DB-95F5-646E2AB55D46}.Release|x64.ActiveCfg = Release|Win32
		{EAB504D7-1556-4E4F-A81E-A26DFDD80465}.Debug|Win32.ActiveCfg = Debug|Win32
		{EAB504D7-1556-4E4F-A81E-A26DFDD80465}.Debug|Win32.Build.0 = Debug|Win32
		{EAB504D7-1556-4E4F-A81E-A26DFDD80465}.Debug|x64.ActiveCfg = Debug|Win32
		{EAB504D7-1556-4E4F-A81E-A26DFDD80465}.Release|Win32.ActiveCfg = Release|Win32
		{EAB504D7-1556-4E4F-A81E-A26DFDD80465}.Release|Win32.Build.0 = Release|Win32
		{EAB504D7-1556-4E4F-A81E-A26DFDD80465}.Release|x64.ActiveCfg = Release|Win32
		{B74867B8-F9C3-420D-A230-E948CD6FBC24}.Debug|Win32.ActiveCfg = Debug|Win32
		{B74867B8-F9C3-420D-A230-E948CD6FBC24}.Debug|Win32.Build.0 = Debug|Win32
		{B74867B8-F9C3-420D-A230-E948CD6FBC24}.Debug|x64.ActiveCfg = Debug|Win32
		{B74867B8-F9C3-420D-A230-E948CD6FBC24}.Release|Win32.ActiveCfg = Release|Win32
		{B74867B8-F9C3-420D-A230-E948CD6FBC24}.Release|Win32.Build.0 = Release|Win32
		{B74867B8-F9C3-420D-A230-E948CD6FBC24}.Release|x64.ActiveCfg = Release|Win32
		{5FA399BF-B83F-4131-B3DA-3ECD41C4162C}.Debug|Win32.ActiveCfg = Debug|Win32
		{5FA399BF-B83F-4131-B3DA-3ECD41C4162C}.Debug|Win32.Build.0 = Debug|Win32
		{5FA399BF-B83F-4131-B3DA-3ECD41C4162C}.Debug|x64.ActiveCfg = Debug|Win32
		{5FA399BF-B83F-4131-B3DA-3ECD41C4162C}.Release|Win32.ActiveCfg = Release|Win32
		{5FA399BF-B83F-4131-B3DA-3ECD41C4162C}.Release|Win32.Build.0 = Release|Win32
		{5FA399BF-B83F-4131-B3DA-3ECD41C4162C}.Release|x64.ActiveCfg = Release|Win32
		{D7A7F359-1D24-4AFD-8D88-814CD557B22B}.Debug|Win32.ActiveCfg = Debug|Win32
		{D7A7F359-1D24-4AFD-8D88-814CD557B22B}.Debug|Win32.Build.0 = Debug|Win32
		{D7A7F359-1D24-4AFD-8D88-814CD557B22B}.Debug|x64.ActiveCfg = Debug|Win32
		{D7A7F359-1D24-4AFD-8D88-814CD557B22B}.Release|Win32.ActiveCfg = Release|Win32
		{D7A7F359-1D24-4AFD-8D88-814CD557B22B}.Release|Win32.Build.0 = Release|Win32
		{D7A7F359-1D24-4AFD-8D88-814CD557B22B}.Release|x64.ActiveCfg = Release|Win32
		{E1DFC148-FEBB-44B6-8504-6448C242F3ED}.Debug|Win32.ActiveCfg = Debug|Win32
		{E1DFC148-FEBB-44B6-8504-6448C242F3ED}.Debug|Win32.Build.0 = Debug|Win32
		{E1DFC148-FEBB-44B6-8504-6448C242F3ED}.Debug|x64.ActiveCfg = Debug|Win32
		{E1DFC148-FEBB-44B6-8504-6448C242F3ED}.Release|Win32.ActiveCfg = Release|Win32
		{E1DFC148-FEBB-44B6-8504-6448C242F3ED}.Release|Win32.Build.0 = Release|Win32
		{E1DFC148-FEBB-44B6-8504-6448C242F3ED}.Release|x64.ActiveCfg = Release|Win32
		{09C159BB-07F0-499C-B48E-2FD516B7547F}.Debug|Win32.ActiveCfg = Debug|Win32
		{09C159BB-07F0-499C-B48E-2FD516B7547F}.Debug|Win32.Build.0 = Debug|Win32
		{09C159BB-07F0-499C-B48E-2FD516B7547F}.Debug|x64.ActiveCfg = Debug|Win32
		{09C159BB-07F0-499C-B48E-2FD516B7547F}.Release|Win32.ActiveCfg = Release|Win32
		{09C159BB-07F0-499C-B48E-2FD516B7547F}.Release|Win32.Build.0 = Release|Win32
		{09C159BB-07F0-499C-B48E-2FD516B7547F}.Release|x64.ActiveCfg = Release|Win32
	EndGlobalSection
	GlobalSection(SolutionProperties) = preSolution
		HideSolutionNode = FALSE
	EndGlobalSection
	GlobalSection(NestedProjects) = preSolution
		{E0829E9F-795C-4688-8851-D60BAEDD19DC} = {39EA9036-A8A9-4DB7-9090-22C3B6BF1AB0}
		{36570081-06B3-4B73-A538-0A9B7EC86DDE} = {39EA9036-A8A9-4DB7-9090-22C3B6BF1AB0}
		{FC57272D-0471-425D-9220-04B2CCCE0491} = {39EA9036-A8A9-4DB7-9090-22C3B6BF1AB0}
		{6866C4AF-6117-4A11-A052-DC6BAC695853} = {39EA9036-A8A9-4DB7-9090-22C3B6BF1AB0}
		{B3DBC7E0-CA8D-490D-9232-E46EA301CBAD} = {FA115DC6-CD42-41FF-9580-7E4B0EAA46FF}
		{7F2A2AE2-B824-4C70-B9A8-25C652AC5DBE} = {FA115DC6-CD42-41FF-9580-7E4B0EAA46FF}
		{8F0E2F48-5D6A-4C30-8722-ABF631F9F115} = {FA115DC6-CD42-41FF-9580-7E4B0EAA46FF}
		{FFB98843-5BE9-4D5D-8384-07DC8258367C} = {FA115DC6-CD42-41FF-9580-7E4B0EAA46FF}
		{D7A7F359-1D24-4AFD-8D88-814CD557B22B} = {FA115DC6-CD42-41FF-9580-7E4B0EAA46FF}
		{84BAB923-085D-4CAF-B340-EB6B3CC740CA} = {4BFF88E6-2D35-4804-A677-BA736E039317}
		{2BF74624-3D60-4B68-AE73-09EB587C9E0B} = {FE696014-E827-4C4F-92A5-70577F0C4A52}
		{B39F9B23-86C9-46DB-95F5-646E2AB55D46} = {FE696014-E827-4C4F-92A5-70577F0C4A52}
		{EAB504D7-1556-4E4F-A81E-A26DFDD80465} = {2429071F-DC64-4410-997E-592144F1ED9E}
		{B74867B8-F9C3-420D-A230-E948CD6FBC24} = {2429071F-DC64-4410-997E-592144F1ED9E}
		{E1DFC148-FEBB-44B6-8504-6448C242F3ED} = {2429071F-DC64-4410-997E-592144F1ED9E}
		{DDFEB541-836C-43BB-929D-A4BB475D49E8} = {2429071F-DC64-4410-997E-592144F1ED9E}
		{09C159BB-07F0-499C-B48E-2FD516B7547F} = {2429071F-DC64-4410-997E-592144F1ED9E}
	EndGlobalSection
EndGlobal
